
Microsoft Visual Studio Solution File, Format Version 12.00
# Visual Studio 15
VisualStudioVersion = 15.0.26430.6
MinimumVisualStudioVersion = 10.0.40219.1
Project("{FAE04EC0-301F-11D3-BF4B-00C04F79EFBC}") = "RabbitMQ.ConsolDemo", "RabbitMQ.ConsolDemo\RabbitMQ.ConsolDemo.csproj", "{32666166-686E-4133-8CF9-0E29DFE81E2E}"
EndProject
Project("{FAE04EC0-301F-11D3-BF4B-00C04F79EFBC}") = "RabbitMQ.ConsolDemo.Consume", "RabbitMQ.ConsolDemo.Consume\RabbitMQ.ConsolDemo.Consume.csproj", "{0E926AD2-14D0-4935-BD07-6ECE6802A958}"
EndProject
Global
	GlobalSection(SolutionConfigurationPlatforms) = preSolution
		Debug|Any CPU = Debug|Any CPU
		Release|Any CPU = Release|Any CPU
	EndGlobalSection
	GlobalSection(ProjectConfigurationPlatforms) = postSolution
		{32666166-686E-4133-8CF9-0E29DFE81E2E}.Debug|Any CPU.ActiveCfg = Debug|Any CPU
		{32666166-686E-4133-8CF9-0E29DFE81E2E}.Debug|Any CPU.Build.0 = Debug|Any CPU
		{32666166-686E-4133-8CF9-0E29DFE81E2E}.Release|Any CPU.ActiveCfg = Release|Any CPU
		{32666166-686E-4133-8CF9-0E29DFE81E2E}.Release|Any CPU.Build.0 = Release|Any CPU
		{0E926AD2-14D0-4935-BD07-6ECE6802A958}.Debug|Any CPU.ActiveCfg = Debug|Any CPU
		{0E926AD2-14D0-4935-BD07-6ECE6802A958}.Debug|Any CPU.Build.0 = Debug|Any CPU
		{0E926AD2-14D0-4935-BD07-6ECE6802A958}.Release|Any CPU.ActiveCfg = Release|Any CPU
		{0E926AD2-14D0-4935-BD07-6ECE6802A958}.Release|Any CPU.Build.0 = Release|Any CPU
	EndGlobalSection
	GlobalSection(SolutionProperties) = preSolution
		HideSolutionNode = FALSE
	EndGlobalSection
EndGlobal
